
Microsoft Visual Studio Solution File, Format Version 12.00
# Visual Studio Version 17
VisualStudioVersion = 17.0.32112.339
MinimumVisualStudioVersion = 10.0.40219.1
Project("{FAE04EC0-301F-11D3-BF4B-00C04F79EFBC}") = "csCardGuiTest", "csCardGuiTest\csCardGuiTest.csproj", "{A732E6D6-EBCD-4A49-8D71-41024BF9F2FC}"
EndProject
Global
	GlobalSection(SolutionConfigurationPlatforms) = preSolution
		Debug|Any CPU = Debug|Any CPU
		Release|Any CPU = Release|Any CPU
	EndGlobalSection
	GlobalSection(ProjectConfigurationPlatforms) = postSolution
		{A732E6D6-EBCD-4A49-8D71-41024BF9F2FC}.Debug|Any CPU.ActiveCfg = Debug|Any CPU
		{A732E6D6-EBCD-4A49-8D71-41024BF9F2FC}.Debug|Any CPU.Build.0 = Debug|Any CPU
		{A732E6D6-EBCD-4A49-8D71-41024BF9F2FC}.Release|Any CPU.ActiveCfg = Release|Any CPU
		{A732E6D6-EBCD-4A49-8D71-41024BF9F2FC}.Release|Any CPU.Build.0 = Release|Any CPU
	EndGlobalSection
	GlobalSection(SolutionProperties) = preSolution
		HideSolutionNode = FALSE
	EndGlobalSection
	GlobalSection(ExtensibilityGlobals) = postSolution
		SolutionGuid = {5F0A2408-4767-4912-BA66-CAF34F00C5B2}
	EndGlobalSection
EndGlobal
